
Microsoft Visual Studio Solution File, Format Version 12.00
# Visual Studio Version 17
VisualStudioVersion = 17.4.33205.214
MinimumVisualStudioVersion = 10.0.40219.1
Project("{FAE04EC0-301F-11D3-BF4B-00C04F79EFBC}") = "Leetcode", "Leetcode\Leetcode.csproj", "{11DD0B2B-ABC8-4492-BBC0-35A0F6BE78AE}"
EndProject
Global
	GlobalSection(SolutionConfigurationPlatforms) = preSolution
		Debug|Any CPU = Debug|Any CPU
		Release|Any CPU = Release|Any CPU
	EndGlobalSection
	GlobalSection(ProjectConfigurationPlatforms) = postSolution
		{11DD0B2B-ABC8-4492-BBC0-35A0F6BE78AE}.Debug|Any CPU.ActiveCfg = Debug|Any CPU
		{11DD0B2B-ABC8-4492-BBC0-35A0F6BE78AE}.Debug|Any CPU.Build.0 = Debug|Any CPU
		{11DD0B2B-ABC8-4492-BBC0-35A0F6BE78AE}.Release|Any CPU.ActiveCfg = Release|Any CPU
		{11DD0B2B-ABC8-4492-BBC0-35A0F6BE78AE}.Release|Any CPU.Build.0 = Release|Any CPU
	EndGlobalSection
	GlobalSection(SolutionProperties) = preSolution
		HideSolutionNode = FALSE
	EndGlobalSection
	GlobalSection(ExtensibilityGlobals) = postSolution
		SolutionGuid = {9E83051E-62DE-47AC-90F1-047F67A09262}
	EndGlobalSection
EndGlobal
